
Microsoft Visual Studio Solution File, Format Version 12.00
# Visual Studio Version 16
VisualStudioVersion = 16.0.31229.75
MinimumVisualStudioVersion = 10.0.40219.1
Project("{9A19103F-16F7-4668-BE54-9A1E7A4F7556}") = "CL.WebApi", "CL.WebApi\CL.WebApi.csproj", "{43D32CBC-7726-4116-AE22-3F3417656A17}"
EndProject
Project("{2150E333-8FDC-42A3-9474-1A3956D46DE8}") = "01.CL.WebApi", "01.CL.WebApi", "{38C3AF30-2ECD-40EB-B1D5-3D5747AC8497}"
EndProject
Project("{2150E333-8FDC-42A3-9474-1A3956D46DE8}") = "02.CL.Manager", "02.CL.Manager", "{EB3660C4-7F1A-4025-BA09-42D551068AED}"
EndProject
Project("{2150E333-8FDC-42A3-9474-1A3956D46DE8}") = "03.CL.Data", "03.CL.Data", "{B680F6EC-2C66-41C9-83C6-18A456E2FDC2}"
EndProject
Project("{2150E333-8FDC-42A3-9474-1A3956D46DE8}") = "04.CL.Core", "04.CL.Core", "{E2027AB1-3461-478A-BBFD-68160F376C66}"
EndProject
Project("{2150E333-8FDC-42A3-9474-1A3956D46DE8}") = "05.CL.Tests", "05.CL.Tests", "{CC07F757-A0B9-4350-97D6-07FECC39455E}"
EndProject
Project("{9A19103F-16F7-4668-BE54-9A1E7A4F7556}") = "CL.Manager", "CL.Manager\CL.Manager.csproj", "{C42965D6-350D-401D-94DB-6294EFC8009E}"
EndProject
Project("{9A19103F-16F7-4668-BE54-9A1E7A4F7556}") = "CL.Data", "CL.Data\CL.Data.csproj", "{B745C81F-F982-4CE9-A955-AAF4535A6B59}"
EndProject
Project("{9A19103F-16F7-4668-BE54-9A1E7A4F7556}") = "CL.Core", "CL.Core\CL.Core.csproj", "{CF1962EC-AD3A-4F10-ABF1-BEE38AE3BDDA}"
EndProject
Project("{9A19103F-16F7-4668-BE54-9A1E7A4F7556}") = "CL.Tests", "CL.Tests\CL.Tests.csproj", "{7D28BD8E-C988-42EB-940C-0F93EEC77D25}"
EndProject
Project("{FAE04EC0-301F-11D3-BF4B-00C04F79EFBC}") = "CL.Core.Shared", "CL.Core.Shared\CL.Core.Shared.csproj", "{0D0CB3F6-F155-4154-991D-DAE996D71B7F}"
EndProject
Global
	GlobalSection(SolutionConfigurationPlatforms) = preSolution
		Debug|Any CPU = Debug|Any CPU
		Release|Any CPU = Release|Any CPU
	EndGlobalSection
	GlobalSection(ProjectConfigurationPlatforms) = postSolution
		{43D32CBC-7726-4116-AE22-3F3417656A17}.Debug|Any CPU.ActiveCfg = Debug|Any CPU
		{43D32CBC-7726-4116-AE22-3F3417656A17}.Debug|Any CPU.Build.0 = Debug|Any CPU
		{43D32CBC-7726-4116-AE22-3F3417656A17}.Release|Any CPU.ActiveCfg = Release|Any CPU
		{43D32CBC-7726-4116-AE22-3F3417656A17}.Release|Any CPU.Build.0 = Release|Any CPU
		{C42965D6-350D-401D-94DB-6294EFC8009E}.Debug|Any CPU.ActiveCfg = Debug|Any CPU
		{C42965D6-350D-401D-94DB-6294EFC8009E}.Debug|Any CPU.Build.0 = Debug|Any CPU
		{C42965D6-350D-401D-94DB-6294EFC8009E}.Release|Any CPU.ActiveCfg = Release|Any CPU
		{C42965D6-350D-401D-94DB-6294EFC8009E}.Release|Any CPU.Build.0 = Release|Any CPU
		{B745C81F-F982-4CE9-A955-AAF4535A6B59}.Debug|Any CPU.ActiveCfg = Debug|Any CPU
		{B745C81F-F982-4CE9-A955-AAF4535A6B59}.Debug|Any CPU.Build.0 = Debug|Any CPU
		{B745C81F-F982-4CE9-A955-AAF4535A6B59}.Release|Any CPU.ActiveCfg = Release|Any CPU
		{B745C81F-F982-4CE9-A955-AAF4535A6B59}.Release|Any CPU.Build.0 = Release|Any CPU
		{CF1962EC-AD3A-4F10-ABF1-BEE38AE3BDDA}.Debug|Any CPU.ActiveCfg = Debug|Any CPU
		{CF1962EC-AD3A-4F10-ABF1-BEE38AE3BDDA}.Debug|Any CPU.Build.0 = Debug|Any CPU
		{CF1962EC-AD3A-4F10-ABF1-BEE38AE3BDDA}.Release|Any CPU.ActiveCfg = Release|Any CPU
		{CF1962EC-AD3A-4F10-ABF1-BEE38AE3BDDA}.Release|Any CPU.Build.0 = Release|Any CPU
		{7D28BD8E-C988-42EB-940C-0F93EEC77D25}.Debug|Any CPU.ActiveCfg = Debug|Any CPU
		{7D28BD8E-C988-42EB-940C-0F93EEC77D25}.Debug|Any CPU.Build.0 = Debug|Any CPU
		{7D28BD8E-C988-42EB-940C-0F93EEC77D25}.Release|Any CPU.ActiveCfg = Release|Any CPU
		{7D28BD8E-C988-42EB-940C-0F93EEC77D25}.Release|Any CPU.Build.0 = Release|Any CPU
		{0D0CB3F6-F155-4154-991D-DAE996D71B7F}.Debug|Any CPU.ActiveCfg = Debug|Any CPU
		{0D0CB3F6-F155-4154-991D-DAE996D71B7F}.Debug|Any CPU.Build.0 = Debug|Any CPU
		{0D0CB3F6-F155-4154-991D-DAE996D71B7F}.Release|Any CPU.ActiveCfg = Release|Any CPU
		{0D0CB3F6-F155-4154-991D-DAE996D71B7F}.Release|Any CPU.Build.0 = Release|Any CPU
	EndGlobalSection
	GlobalSection(SolutionProperties) = preSolution
		HideSolutionNode = FALSE
	EndGlobalSection
	GlobalSection(NestedProjects) = preSolution
		{43D32CBC-7726-4116-AE22-3F3417656A17} = {38C3AF30-2ECD-40EB-B1D5-3D5747AC8497}
		{C42965D6-350D-401D-94DB-6294EFC8009E} = {EB3660C4-7F1A-4025-BA09-42D551068AED}
		{B745C81F-F982-4CE9-A955-AAF4535A6B59} = {B680F6EC-2C66-41C9-83C6-18A456E2FDC2}
		{CF1962EC-AD3A-4F10-ABF1-BEE38AE3BDDA} = {E2027AB1-3461-478A-BBFD-68160F376C66}
		{7D28BD8E-C988-42EB-940C-0F93EEC77D25} = {CC07F757-A0B9-4350-97D6-07FECC39455E}
		{0D0CB3F6-F155-4154-991D-DAE996D71B7F} = {E2027AB1-3461-478A-BBFD-68160F376C66}
	EndGlobalSection
	GlobalSection(ExtensibilityGlobals) = postSolution
		SolutionGuid = {201E81B0-946A-4573-92C8-BF9931C509F5}
	EndGlobalSection
EndGlobal
